{
  "requires": true,
  "lockfileVersion": 1,
  "dependencies": {
    "cordova-plugin-geolocation": {
      "version": "2.1.0",
      "resolved": "https://registry.npmjs.org/cordova-plugin-geolocation/-/cordova-plugin-geolocation-2.1.0.tgz",
      "integrity": "sha1-7grBx3Fh6bC3O0fSFpYbvAV+5Es="
    }
  }
}
